// !$*UTF8*$!
{
	archiveVersion = 1;
	classes = {
	};
	objectVersion = 56;
	objects = {

/* Begin PBXBuildFile section */
		0A178A132BC30D480076CE0A /* JinaApp.swift in Sources */ = {isa = PBXBuildFile; fileRef = 0A178A122BC30D480076CE0A /* JinaApp.swift */; };
		0A178A152BC30D480076CE0A /* ContentView.swift in Sources */ = {isa = PBXBuildFile; fileRef = 0A178A142BC30D480076CE0A /* ContentView.swift */; };
		0A178A172BC30D4B0076CE0A /* Assets.xcassets in Resources */ = {isa = PBXBuildFile; fileRef = 0A178A162BC30D4B0076CE0A /* Assets.xcassets */; };
		0A178A1A2BC30D4B0076CE0A /* Preview Assets.xcassets in Resources */ = {isa = PBXBuildFile; fileRef = 0A178A192BC30D4B0076CE0A /* Preview Assets.xcassets */; };
		0A178A222BC311720076CE0A /* FirebaseAnalytics in Frameworks */ = {isa = PBXBuildFile; productRef = 0A178A212BC311720076CE0A /* FirebaseAnalytics */; };
		0A178A242BC311720076CE0A /* FirebaseAnalyticsOnDeviceConversion in Frameworks */ = {isa = PBXBuildFile; productRef = 0A178A232BC311720076CE0A /* FirebaseAnalyticsOnDeviceConversion */; };
		0A178A262BC311720076CE0A /* FirebaseAnalyticsSwift in Frameworks */ = {isa = PBXBuildFile; productRef = 0A178A252BC311720076CE0A /* FirebaseAnalyticsSwift */; };
		0A178A282BC311720076CE0A /* FirebaseAnalyticsWithoutAdIdSupport in Frameworks */ = {isa = PBXBuildFile; productRef = 0A178A272BC311720076CE0A /* FirebaseAnalyticsWithoutAdIdSupport */; };
		0A178A2A2BC311720076CE0A /* FirebaseAppCheck in Frameworks */ = {isa = PBXBuildFile; productRef = 0A178A292BC311720076CE0A /* FirebaseAppCheck */; };
		0A178A2C2BC311720076CE0A /* FirebaseAppDistribution-Beta in Frameworks */ = {isa = PBXBuildFile; productRef = 0A178A2B2BC311720076CE0A /* FirebaseAppDistribution-Beta */; };
		0A178A2E2BC311720076CE0A /* FirebaseAuth in Frameworks */ = {isa = PBXBuildFile; productRef = 0A178A2D2BC311720076CE0A /* FirebaseAuth */; };
		0A178A302BC311720076CE0A /* FirebaseAuthCombine-Community in Frameworks */ = {isa = PBXBuildFile; productRef = 0A178A2F2BC311720076CE0A /* FirebaseAuthCombine-Community */; };
		0A178A322BC311720076CE0A /* FirebaseCrashlytics in Frameworks */ = {isa = PBXBuildFile; productRef = 0A178A312BC311720076CE0A /* FirebaseCrashlytics */; };
		0A178A342BC311720076CE0A /* FirebaseDatabase in Frameworks */ = {isa = PBXBuildFile; productRef = 0A178A332BC311720076CE0A /* FirebaseDatabase */; };
		0A178A362BC311720076CE0A /* FirebaseDatabaseSwift in Frameworks */ = {isa = PBXBuildFile; productRef = 0A178A352BC311720076CE0A /* FirebaseDatabaseSwift */; };
		0A178A382BC311720076CE0A /* FirebaseDynamicLinks in Frameworks */ = {isa = PBXBuildFile; productRef = 0A178A372BC311720076CE0A /* FirebaseDynamicLinks */; };
		0A178A3A2BC311720076CE0A /* FirebaseFirestore in Frameworks */ = {isa = PBXBuildFile; productRef = 0A178A392BC311720076CE0A /* FirebaseFirestore */; };
		0A178A3C2BC311720076CE0A /* FirebaseFirestoreCombine-Community in Frameworks */ = {isa = PBXBuildFile; productRef = 0A178A3B2BC311720076CE0A /* FirebaseFirestoreCombine-Community */; };
		0A178A3E2BC311720076CE0A /* FirebaseFirestoreSwift in Frameworks */ = {isa = PBXBuildFile; productRef = 0A178A3D2BC311720076CE0A /* FirebaseFirestoreSwift */; };
		0A178A402BC311720076CE0A /* FirebaseFunctions in Frameworks */ = {isa = PBXBuildFile; productRef = 0A178A3F2BC311720076CE0A /* FirebaseFunctions */; };
		0A178A422BC311720076CE0A /* FirebaseFunctionsCombine-Community in Frameworks */ = {isa = PBXBuildFile; productRef = 0A178A412BC311720076CE0A /* FirebaseFunctionsCombine-Community */; };
		0A178A442BC311720076CE0A /* FirebaseInAppMessaging-Beta in Frameworks */ = {isa = PBXBuildFile; productRef = 0A178A432BC311720076CE0A /* FirebaseInAppMessaging-Beta */; };
		0A178A462BC311720076CE0A /* FirebaseInAppMessagingSwift-Beta in Frameworks */ = {isa = PBXBuildFile; productRef = 0A178A452BC311720076CE0A /* FirebaseInAppMessagingSwift-Beta */; };
		0A178A482BC311720076CE0A /* FirebaseInstallations in Frameworks */ = {isa = PBXBuildFile; productRef = 0A178A472BC311720076CE0A /* FirebaseInstallations */; };
		0A178A4A2BC311720076CE0A /* FirebaseMLModelDownloader in Frameworks */ = {isa = PBXBuildFile; productRef = 0A178A492BC311720076CE0A /* FirebaseMLModelDownloader */; };
		0A178A4C2BC311720076CE0A /* FirebaseMessaging in Frameworks */ = {isa = PBXBuildFile; productRef = 0A178A4B2BC311720076CE0A /* FirebaseMessaging */; };
		0A178A4E2BC311720076CE0A /* FirebasePerformance in Frameworks */ = {isa = PBXBuildFile; productRef = 0A178A4D2BC311720076CE0A /* FirebasePerformance */; };
		0A178A502BC311720076CE0A /* FirebaseRemoteConfig in Frameworks */ = {isa = PBXBuildFile; productRef = 0A178A4F2BC311720076CE0A /* FirebaseRemoteConfig */; };
		0A178A522BC311720076CE0A /* FirebaseRemoteConfigSwift in Frameworks */ = {isa = PBXBuildFile; productRef = 0A178A512BC311720076CE0A /* FirebaseRemoteConfigSwift */; };
		0A178A542BC311720076CE0A /* FirebaseStorage in Frameworks */ = {isa = PBXBuildFile; productRef = 0A178A532BC311720076CE0A /* FirebaseStorage */; };
		0A178A562BC311720076CE0A /* FirebaseStorageCombine-Community in Frameworks */ = {isa = PBXBuildFile; productRef = 0A178A552BC311720076CE0A /* FirebaseStorageCombine-Community */; };
		0A178A582BC3124B0076CE0A /* GoogleService-Info.plist in Resources */ = {isa = PBXBuildFile; fileRef = 0A178A572BC3124B0076CE0A /* GoogleService-Info.plist */; };
		0A178A5A2BC320E40076CE0A /* AuthService.swift in Sources */ = {isa = PBXBuildFile; fileRef = 0A178A592BC320E40076CE0A /* AuthService.swift */; };
		0A178A5C2BC430720076CE0A /* WelcomeScreen.swift in Sources */ = {isa = PBXBuildFile; fileRef = 0A178A5B2BC430720076CE0A /* WelcomeScreen.swift */; };
		0A178A5E2BC431380076CE0A /* MainButton.swift in Sources */ = {isa = PBXBuildFile; fileRef = 0A178A5D2BC431380076CE0A /* MainButton.swift */; };
		0A178A602BC432AF0076CE0A /* MainTitle.swift in Sources */ = {isa = PBXBuildFile; fileRef = 0A178A5F2BC432AF0076CE0A /* MainTitle.swift */; };
		0A178A642BC435720076CE0A /* LoginView.swift in Sources */ = {isa = PBXBuildFile; fileRef = 0A178A632BC435720076CE0A /* LoginView.swift */; };
		0A178A662BC4532A0076CE0A /* InputField.swift in Sources */ = {isa = PBXBuildFile; fileRef = 0A178A652BC4532A0076CE0A /* InputField.swift */; };
		0A178A682BC592700076CE0A /* RegistrationView.swift in Sources */ = {isa = PBXBuildFile; fileRef = 0A178A672BC592700076CE0A /* RegistrationView.swift */; };
		0A178A6A2BC5B3A00076CE0A /* EntryType.swift in Sources */ = {isa = PBXBuildFile; fileRef = 0A178A692BC5B3A00076CE0A /* EntryType.swift */; };
		0A178A6C2BC5B83F0076CE0A /* PostElement.swift in Sources */ = {isa = PBXBuildFile; fileRef = 0A178A6B2BC5B83F0076CE0A /* PostElement.swift */; };
		0A6BBEE12BC6E86A004A3431 /* PostList.swift in Sources */ = {isa = PBXBuildFile; fileRef = 0A6BBEE02BC6E86A004A3431 /* PostList.swift */; };
		0A6BBEE32BC85310004A3431 /* PostCreationScreen.swift in Sources */ = {isa = PBXBuildFile; fileRef = 0A6BBEE22BC85310004A3431 /* PostCreationScreen.swift */; };
		0A6BBEE52BC85E30004A3431 /* ProfileScreen.swift in Sources */ = {isa = PBXBuildFile; fileRef = 0A6BBEE42BC85E30004A3431 /* ProfileScreen.swift */; };
		0A830A3D2BCCF84D0013216B /* ImagePicker.swift in Sources */ = {isa = PBXBuildFile; fileRef = 0A830A3C2BCCF84D0013216B /* ImagePicker.swift */; };
		0A830A412BCD04D30013216B /* ImageSize.swift in Sources */ = {isa = PBXBuildFile; fileRef = 0A830A402BCD04D30013216B /* ImageSize.swift */; };
		0A830A432BCD243E0013216B /* StatisticsPanel.swift in Sources */ = {isa = PBXBuildFile; fileRef = 0A830A422BCD243E0013216B /* StatisticsPanel.swift */; };
		0A830A452BCD26160013216B /* Stripe.swift in Sources */ = {isa = PBXBuildFile; fileRef = 0A830A442BCD26160013216B /* Stripe.swift */; };
		0AA301DE2BCBE54F0010679D /* Capture in Frameworks */ = {isa = PBXBuildFile; productRef = 0AA301DD2BCBE54F0010679D /* Capture */; };
		53F58A472BC83668001AFCA8 /* DatabaseService.swift in Sources */ = {isa = PBXBuildFile; fileRef = 53F58A462BC83668001AFCA8 /* DatabaseService.swift */; };
		53F58A4A2BC83787001AFCA8 /* UserModel.swift in Sources */ = {isa = PBXBuildFile; fileRef = 53F58A492BC83787001AFCA8 /* UserModel.swift */; };
		53F58A4E2BC83D75001AFCA8 /* TrashModel.swift in Sources */ = {isa = PBXBuildFile; fileRef = 53F58A4D2BC83D75001AFCA8 /* TrashModel.swift */; };
		53F58A502BC83EF9001AFCA8 /* StorageService.swift in Sources */ = {isa = PBXBuildFile; fileRef = 53F58A4F2BC83EF9001AFCA8 /* StorageService.swift */; };
		53F58A522BC86B0C001AFCA8 /* Errors.swift in Sources */ = {isa = PBXBuildFile; fileRef = 53F58A512BC86B0C001AFCA8 /* Errors.swift */; };
		53F58A552BC9C1DF001AFCA8 /* SDWebImage in Frameworks */ = {isa = PBXBuildFile; productRef = 53F58A542BC9C1DF001AFCA8 /* SDWebImage */; };
/* End PBXBuildFile section */

/* Begin PBXFileReference section */
		0A178A0F2BC30D480076CE0A /* Jina.app */ = {isa = PBXFileReference; explicitFileType = wrapper.application; includeInIndex = 0; path = Jina.app; sourceTree = BUILT_PRODUCTS_DIR; };
		0A178A122BC30D480076CE0A /* JinaApp.swift */ = {isa = PBXFileReference; lastKnownFileType = sourcecode.swift; path = JinaApp.swift; sourceTree = "<group>"; };
		0A178A142BC30D480076CE0A /* ContentView.swift */ = {isa = PBXFileReference; lastKnownFileType = sourcecode.swift; path = ContentView.swift; sourceTree = "<group>"; };
		0A178A162BC30D4B0076CE0A /* Assets.xcassets */ = {isa = PBXFileReference; lastKnownFileType = folder.assetcatalog; path = Assets.xcassets; sourceTree = "<group>"; };
		0A178A192BC30D4B0076CE0A /* Preview Assets.xcassets */ = {isa = PBXFileReference; lastKnownFileType = folder.assetcatalog; path = "Preview Assets.xcassets"; sourceTree = "<group>"; };
		0A178A572BC3124B0076CE0A /* GoogleService-Info.plist */ = {isa = PBXFileReference; fileEncoding = 4; lastKnownFileType = text.plist.xml; path = "GoogleService-Info.plist"; sourceTree = "<group>"; };
		0A178A592BC320E40076CE0A /* AuthService.swift */ = {isa = PBXFileReference; lastKnownFileType = sourcecode.swift; path = AuthService.swift; sourceTree = "<group>"; };
		0A178A5B2BC430720076CE0A /* WelcomeScreen.swift */ = {isa = PBXFileReference; lastKnownFileType = sourcecode.swift; path = WelcomeScreen.swift; sourceTree = "<group>"; };
		0A178A5D2BC431380076CE0A /* MainButton.swift */ = {isa = PBXFileReference; lastKnownFileType = sourcecode.swift; path = MainButton.swift; sourceTree = "<group>"; };
		0A178A5F2BC432AF0076CE0A /* MainTitle.swift */ = {isa = PBXFileReference; lastKnownFileType = sourcecode.swift; path = MainTitle.swift; sourceTree = "<group>"; };
		0A178A632BC435720076CE0A /* LoginView.swift */ = {isa = PBXFileReference; lastKnownFileType = sourcecode.swift; path = LoginView.swift; sourceTree = "<group>"; };
		0A178A652BC4532A0076CE0A /* InputField.swift */ = {isa = PBXFileReference; lastKnownFileType = sourcecode.swift; path = InputField.swift; sourceTree = "<group>"; };
		0A178A672BC592700076CE0A /* RegistrationView.swift */ = {isa = PBXFileReference; lastKnownFileType = sourcecode.swift; path = RegistrationView.swift; sourceTree = "<group>"; };
		0A178A692BC5B3A00076CE0A /* EntryType.swift */ = {isa = PBXFileReference; lastKnownFileType = sourcecode.swift; path = EntryType.swift; sourceTree = "<group>"; };
		0A178A6B2BC5B83F0076CE0A /* PostElement.swift */ = {isa = PBXFileReference; lastKnownFileType = sourcecode.swift; path = PostElement.swift; sourceTree = "<group>"; };
		0A6BBEE02BC6E86A004A3431 /* PostList.swift */ = {isa = PBXFileReference; lastKnownFileType = sourcecode.swift; path = PostList.swift; sourceTree = "<group>"; };
		0A6BBEE22BC85310004A3431 /* PostCreationScreen.swift */ = {isa = PBXFileReference; lastKnownFileType = sourcecode.swift; path = PostCreationScreen.swift; sourceTree = "<group>"; };
		0A6BBEE42BC85E30004A3431 /* ProfileScreen.swift */ = {isa = PBXFileReference; lastKnownFileType = sourcecode.swift; path = ProfileScreen.swift; sourceTree = "<group>"; };
		0A830A3C2BCCF84D0013216B /* ImagePicker.swift */ = {isa = PBXFileReference; lastKnownFileType = sourcecode.swift; path = ImagePicker.swift; sourceTree = "<group>"; };
		0A830A402BCD04D30013216B /* ImageSize.swift */ = {isa = PBXFileReference; lastKnownFileType = sourcecode.swift; path = ImageSize.swift; sourceTree = "<group>"; };
		0A830A422BCD243E0013216B /* StatisticsPanel.swift */ = {isa = PBXFileReference; lastKnownFileType = sourcecode.swift; path = StatisticsPanel.swift; sourceTree = "<group>"; };
		0A830A442BCD26160013216B /* Stripe.swift */ = {isa = PBXFileReference; lastKnownFileType = sourcecode.swift; path = Stripe.swift; sourceTree = "<group>"; };
		0AA301DF2BCBEC000010679D /* Info.plist */ = {isa = PBXFileReference; lastKnownFileType = text.plist; path = Info.plist; sourceTree = "<group>"; };
		53F58A462BC83668001AFCA8 /* DatabaseService.swift */ = {isa = PBXFileReference; lastKnownFileType = sourcecode.swift; path = DatabaseService.swift; sourceTree = "<group>"; };
		53F58A492BC83787001AFCA8 /* UserModel.swift */ = {isa = PBXFileReference; lastKnownFileType = sourcecode.swift; path = UserModel.swift; sourceTree = "<group>"; };
		53F58A4D2BC83D75001AFCA8 /* TrashModel.swift */ = {isa = PBXFileReference; lastKnownFileType = sourcecode.swift; path = TrashModel.swift; sourceTree = "<group>"; };
		53F58A4F2BC83EF9001AFCA8 /* StorageService.swift */ = {isa = PBXFileReference; lastKnownFileType = sourcecode.swift; path = StorageService.swift; sourceTree = "<group>"; };
		53F58A512BC86B0C001AFCA8 /* Errors.swift */ = {isa = PBXFileReference; lastKnownFileType = sourcecode.swift; path = Errors.swift; sourceTree = "<group>"; };
/* End PBXFileReference section */

/* Begin PBXFrameworksBuildPhase section */
		0A178A0C2BC30D480076CE0A /* Frameworks */ = {
			isa = PBXFrameworksBuildPhase;
			buildActionMask = 2147483647;
			files = (
				0A178A342BC311720076CE0A /* FirebaseDatabase in Frameworks */,
				0A178A422BC311720076CE0A /* FirebaseFunctionsCombine-Community in Frameworks */,
				0A178A3A2BC311720076CE0A /* FirebaseFirestore in Frameworks */,
				0A178A262BC311720076CE0A /* FirebaseAnalyticsSwift in Frameworks */,
				0A178A222BC311720076CE0A /* FirebaseAnalytics in Frameworks */,
				0A178A242BC311720076CE0A /* FirebaseAnalyticsOnDeviceConversion in Frameworks */,
				0A178A4A2BC311720076CE0A /* FirebaseMLModelDownloader in Frameworks */,
				0A178A3E2BC311720076CE0A /* FirebaseFirestoreSwift in Frameworks */,
				0AA301DE2BCBE54F0010679D /* Capture in Frameworks */,
				0A178A2A2BC311720076CE0A /* FirebaseAppCheck in Frameworks */,
				0A178A282BC311720076CE0A /* FirebaseAnalyticsWithoutAdIdSupport in Frameworks */,
				53F58A552BC9C1DF001AFCA8 /* SDWebImage in Frameworks */,
				0A178A2E2BC311720076CE0A /* FirebaseAuth in Frameworks */,
				0A178A322BC311720076CE0A /* FirebaseCrashlytics in Frameworks */,
				0A178A522BC311720076CE0A /* FirebaseRemoteConfigSwift in Frameworks */,
				0A178A442BC311720076CE0A /* FirebaseInAppMessaging-Beta in Frameworks */,
				0A178A362BC311720076CE0A /* FirebaseDatabaseSwift in Frameworks */,
				0A178A402BC311720076CE0A /* FirebaseFunctions in Frameworks */,
				0A178A562BC311720076CE0A /* FirebaseStorageCombine-Community in Frameworks */,
				0A178A502BC311720076CE0A /* FirebaseRemoteConfig in Frameworks */,
				0A178A2C2BC311720076CE0A /* FirebaseAppDistribution-Beta in Frameworks */,
				0A178A302BC311720076CE0A /* FirebaseAuthCombine-Community in Frameworks */,
				0A178A4E2BC311720076CE0A /* FirebasePerformance in Frameworks */,
				0A178A462BC311720076CE0A /* FirebaseInAppMessagingSwift-Beta in Frameworks */,
				0A178A542BC311720076CE0A /* FirebaseStorage in Frameworks */,
				0A178A382BC311720076CE0A /* FirebaseDynamicLinks in Frameworks */,
				0A178A3C2BC311720076CE0A /* FirebaseFirestoreCombine-Community in Frameworks */,
				0A178A4C2BC311720076CE0A /* FirebaseMessaging in Frameworks */,
				0A178A482BC311720076CE0A /* FirebaseInstallations in Frameworks */,
			);
			runOnlyForDeploymentPostprocessing = 0;
		};
/* End PBXFrameworksBuildPhase section */

/* Begin PBXGroup section */
		0A178A062BC30D480076CE0A = {
			isa = PBXGroup;
			children = (
				0A178A112BC30D480076CE0A /* Jina */,
				0A178A102BC30D480076CE0A /* Products */,
			);
			sourceTree = "<group>";
		};
		0A178A102BC30D480076CE0A /* Products */ = {
			isa = PBXGroup;
			children = (
				0A178A0F2BC30D480076CE0A /* Jina.app */,
			);
			name = Products;
			sourceTree = "<group>";
		};
		0A178A112BC30D480076CE0A /* Jina */ = {
			isa = PBXGroup;
			children = (
				0AA301DF2BCBEC000010679D /* Info.plist */,
				0A178A122BC30D480076CE0A /* JinaApp.swift */,
				0A830A402BCD04D30013216B /* ImageSize.swift */,
				53F58A482BC8370F001AFCA8 /* Services */,
				53F58A572BCA8A1B001AFCA8 /* Screens */,
				53F58A512BC86B0C001AFCA8 /* Errors.swift */,
				53F58A562BCA8139001AFCA8 /* Models */,
				0A6BBEE62BC85F2C004A3431 /* Entering */,
				0A830A462BCD26330013216B /* Elements */,
				0A178A162BC30D4B0076CE0A /* Assets.xcassets */,
				0A178A572BC3124B0076CE0A /* GoogleService-Info.plist */,
				0A178A182BC30D4B0076CE0A /* Preview Content */,
			);
			path = Jina;
			sourceTree = "<group>";
		};
		0A178A182BC30D4B0076CE0A /* Preview Content */ = {
			isa = PBXGroup;
			children = (
				0A178A192BC30D4B0076CE0A /* Preview Assets.xcassets */,
			);
			path = "Preview Content";
			sourceTree = "<group>";
		};
		0A6BBEE62BC85F2C004A3431 /* Entering */ = {
			isa = PBXGroup;
			children = (
				0A178A672BC592700076CE0A /* RegistrationView.swift */,
				0A178A5B2BC430720076CE0A /* WelcomeScreen.swift */,
				0A178A632BC435720076CE0A /* LoginView.swift */,
				0A178A692BC5B3A00076CE0A /* EntryType.swift */,
			);
			path = Entering;
			sourceTree = "<group>";
		};
		0A830A462BCD26330013216B /* Elements */ = {
			isa = PBXGroup;
			children = (
				0A830A422BCD243E0013216B /* StatisticsPanel.swift */,
				0A830A442BCD26160013216B /* Stripe.swift */,
				0A830A3C2BCCF84D0013216B /* ImagePicker.swift */,
				0A178A6B2BC5B83F0076CE0A /* PostElement.swift */,
				0A178A652BC4532A0076CE0A /* InputField.swift */,
				0A178A5D2BC431380076CE0A /* MainButton.swift */,
				0A178A5F2BC432AF0076CE0A /* MainTitle.swift */,
			);
			path = Elements;
			sourceTree = "<group>";
		};
		53F58A482BC8370F001AFCA8 /* Services */ = {
			isa = PBXGroup;
			children = (
				0A178A592BC320E40076CE0A /* AuthService.swift */,
				53F58A462BC83668001AFCA8 /* DatabaseService.swift */,
				53F58A4F2BC83EF9001AFCA8 /* StorageService.swift */,
			);
			path = Services;
			sourceTree = "<group>";
		};
		53F58A562BCA8139001AFCA8 /* Models */ = {
			isa = PBXGroup;
			children = (
				53F58A492BC83787001AFCA8 /* UserModel.swift */,
				53F58A4D2BC83D75001AFCA8 /* TrashModel.swift */,
			);
			path = Models;
			sourceTree = "<group>";
		};
		53F58A572BCA8A1B001AFCA8 /* Screens */ = {
			isa = PBXGroup;
			children = (
				0A178A142BC30D480076CE0A /* ContentView.swift */,
				0A6BBEE02BC6E86A004A3431 /* PostList.swift */,
				0A6BBEE22BC85310004A3431 /* PostCreationScreen.swift */,
				0A6BBEE42BC85E30004A3431 /* ProfileScreen.swift */,
			);
			path = Screens;
			sourceTree = "<group>";
		};
/* End PBXGroup section */

/* Begin PBXNativeTarget section */
		0A178A0E2BC30D480076CE0A /* Jina */ = {
			isa = PBXNativeTarget;
			buildConfigurationList = 0A178A1D2BC30D4B0076CE0A /* Build configuration list for PBXNativeTarget "Jina" */;
			buildPhases = (
				0A178A0B2BC30D480076CE0A /* Sources */,
				0A178A0C2BC30D480076CE0A /* Frameworks */,
				0A178A0D2BC30D480076CE0A /* Resources */,
			);
			buildRules = (
			);
			dependencies = (
			);
			name = Jina;
			packageProductDependencies = (
				0A178A212BC311720076CE0A /* FirebaseAnalytics */,
				0A178A232BC311720076CE0A /* FirebaseAnalyticsOnDeviceConversion */,
				0A178A252BC311720076CE0A /* FirebaseAnalyticsSwift */,
				0A178A272BC311720076CE0A /* FirebaseAnalyticsWithoutAdIdSupport */,
				0A178A292BC311720076CE0A /* FirebaseAppCheck */,
				0A178A2B2BC311720076CE0A /* FirebaseAppDistribution-Beta */,
				0A178A2D2BC311720076CE0A /* FirebaseAuth */,
				0A178A2F2BC311720076CE0A /* FirebaseAuthCombine-Community */,
				0A178A312BC311720076CE0A /* FirebaseCrashlytics */,
				0A178A332BC311720076CE0A /* FirebaseDatabase */,
				0A178A352BC311720076CE0A /* FirebaseDatabaseSwift */,
				0A178A372BC311720076CE0A /* FirebaseDynamicLinks */,
				0A178A392BC311720076CE0A /* FirebaseFirestore */,
				0A178A3B2BC311720076CE0A /* FirebaseFirestoreCombine-Community */,
				0A178A3D2BC311720076CE0A /* FirebaseFirestoreSwift */,
				0A178A3F2BC311720076CE0A /* FirebaseFunctions */,
				0A178A412BC311720076CE0A /* FirebaseFunctionsCombine-Community */,
				0A178A432BC311720076CE0A /* FirebaseInAppMessaging-Beta */,
				0A178A452BC311720076CE0A /* FirebaseInAppMessagingSwift-Beta */,
				0A178A472BC311720076CE0A /* FirebaseInstallations */,
				0A178A492BC311720076CE0A /* FirebaseMLModelDownloader */,
				0A178A4B2BC311720076CE0A /* FirebaseMessaging */,
				0A178A4D2BC311720076CE0A /* FirebasePerformance */,
				0A178A4F2BC311720076CE0A /* FirebaseRemoteConfig */,
				0A178A512BC311720076CE0A /* FirebaseRemoteConfigSwift */,
				0A178A532BC311720076CE0A /* FirebaseStorage */,
				0A178A552BC311720076CE0A /* FirebaseStorageCombine-Community */,
				53F58A542BC9C1DF001AFCA8 /* SDWebImage */,
				0AA301DD2BCBE54F0010679D /* Capture */,
			);
			productName = Jina;
			productReference = 0A178A0F2BC30D480076CE0A /* Jina.app */;
			productType = "com.apple.product-type.application";
		};
/* End PBXNativeTarget section */

/* Begin PBXProject section */
		0A178A072BC30D480076CE0A /* Project object */ = {
			isa = PBXProject;
			attributes = {
				BuildIndependentTargetsInParallel = 1;
				LastSwiftUpdateCheck = 1520;
				LastUpgradeCheck = 1520;
				TargetAttributes = {
					0A178A0E2BC30D480076CE0A = {
						CreatedOnToolsVersion = 15.2;
					};
				};
			};
			buildConfigurationList = 0A178A0A2BC30D480076CE0A /* Build configuration list for PBXProject "Jina" */;
			compatibilityVersion = "Xcode 14.0";
			developmentRegion = en;
			hasScannedForEncodings = 0;
			knownRegions = (
				en,
				Base,
			);
			mainGroup = 0A178A062BC30D480076CE0A;
			packageReferences = (
				0A178A202BC311720076CE0A /* XCRemoteSwiftPackageReference "firebase-ios-sdk" */,
				53F58A532BC9C1DF001AFCA8 /* XCRemoteSwiftPackageReference "SDWebImage" */,
				0AA301DC2BCBE54F0010679D /* XCRemoteSwiftPackageReference "Capture" */,
			);
			productRefGroup = 0A178A102BC30D480076CE0A /* Products */;
			projectDirPath = "";
			projectRoot = "";
			targets = (
				0A178A0E2BC30D480076CE0A /* Jina */,
			);
		};
/* End PBXProject section */

/* Begin PBXResourcesBuildPhase section */
		0A178A0D2BC30D480076CE0A /* Resources */ = {
			isa = PBXResourcesBuildPhase;
			buildActionMask = 2147483647;
			files = (
				0A178A1A2BC30D4B0076CE0A /* Preview Assets.xcassets in Resources */,
				0A178A172BC30D4B0076CE0A /* Assets.xcassets in Resources */,
				0A178A582BC3124B0076CE0A /* GoogleService-Info.plist in Resources */,
			);
			runOnlyForDeploymentPostprocessing = 0;
		};
/* End PBXResourcesBuildPhase section */

/* Begin PBXSourcesBuildPhase section */
		0A178A0B2BC30D480076CE0A /* Sources */ = {
			isa = PBXSourcesBuildPhase;
			buildActionMask = 2147483647;
			files = (
				0A178A5A2BC320E40076CE0A /* AuthService.swift in Sources */,
				0A178A642BC435720076CE0A /* LoginView.swift in Sources */,
				0A178A152BC30D480076CE0A /* ContentView.swift in Sources */,
				0A830A452BCD26160013216B /* Stripe.swift in Sources */,
				0A6BBEE52BC85E30004A3431 /* ProfileScreen.swift in Sources */,
				0A178A6C2BC5B83F0076CE0A /* PostElement.swift in Sources */,
				0A178A682BC592700076CE0A /* RegistrationView.swift in Sources */,
				0A178A6A2BC5B3A00076CE0A /* EntryType.swift in Sources */,
				0A178A5C2BC430720076CE0A /* WelcomeScreen.swift in Sources */,
				53F58A472BC83668001AFCA8 /* DatabaseService.swift in Sources */,
				0A830A432BCD243E0013216B /* StatisticsPanel.swift in Sources */,
				0A6BBEE12BC6E86A004A3431 /* PostList.swift in Sources */,
				0A830A3D2BCCF84D0013216B /* ImagePicker.swift in Sources */,
				0A178A132BC30D480076CE0A /* JinaApp.swift in Sources */,
				0A178A5E2BC431380076CE0A /* MainButton.swift in Sources */,
				0A830A412BCD04D30013216B /* ImageSize.swift in Sources */,
				0A6BBEE32BC85310004A3431 /* PostCreationScreen.swift in Sources */,
				53F58A502BC83EF9001AFCA8 /* StorageService.swift in Sources */,
				0A178A602BC432AF0076CE0A /* MainTitle.swift in Sources */,
				53F58A4A2BC83787001AFCA8 /* UserModel.swift in Sources */,
				53F58A522BC86B0C001AFCA8 /* Errors.swift in Sources */,
				53F58A4E2BC83D75001AFCA8 /* TrashModel.swift in Sources */,
				0A178A662BC4532A0076CE0A /* InputField.swift in Sources */,
			);
			runOnlyForDeploymentPostprocessing = 0;
		};
/* End PBXSourcesBuildPhase section */

/* Begin XCBuildConfiguration section */
		0A178A1B2BC30D4B0076CE0A /* Debug */ = {
			isa = XCBuildConfiguration;
			buildSettings = {
				ALWAYS_SEARCH_USER_PATHS = NO;
				ASSETCATALOG_COMPILER_GENERATE_SWIFT_ASSET_SYMBOL_EXTENSIONS = YES;
				CLANG_ANALYZER_NONNULL = YES;
				CLANG_ANALYZER_NUMBER_OBJECT_CONVERSION = YES_AGGRESSIVE;
				CLANG_CXX_LANGUAGE_STANDARD = "gnu++20";
				CLANG_ENABLE_MODULES = YES;
				CLANG_ENABLE_OBJC_ARC = YES;
				CLANG_ENABLE_OBJC_WEAK = YES;
				CLANG_WARN_BLOCK_CAPTURE_AUTORELEASING = YES;
				CLANG_WARN_BOOL_CONVERSION = YES;
				CLANG_WARN_COMMA = YES;
				CLANG_WARN_CONSTANT_CONVERSION = YES;
				CLANG_WARN_DEPRECATED_OBJC_IMPLEMENTATIONS = YES;
				CLANG_WARN_DIRECT_OBJC_ISA_USAGE = YES_ERROR;
				CLANG_WARN_DOCUMENTATION_COMMENTS = YES;
				CLANG_WARN_EMPTY_BODY = YES;
				CLANG_WARN_ENUM_CONVERSION = YES;
				CLANG_WARN_INFINITE_RECURSION = YES;
				CLANG_WARN_INT_CONVERSION = YES;
				CLANG_WARN_NON_LITERAL_NULL_CONVERSION = YES;
				CLANG_WARN_OBJC_IMPLICIT_RETAIN_SELF = YES;
				CLANG_WARN_OBJC_LITERAL_CONVERSION = YES;
				CLANG_WARN_OBJC_ROOT_CLASS = YES_ERROR;
				CLANG_WARN_QUOTED_INCLUDE_IN_FRAMEWORK_HEADER = YES;
				CLANG_WARN_RANGE_LOOP_ANALYSIS = YES;
				CLANG_WARN_STRICT_PROTOTYPES = YES;
				CLANG_WARN_SUSPICIOUS_MOVE = YES;
				CLANG_WARN_UNGUARDED_AVAILABILITY = YES_AGGRESSIVE;
				CLANG_WARN_UNREACHABLE_CODE = YES;
				CLANG_WARN__DUPLICATE_METHOD_MATCH = YES;
				COPY_PHASE_STRIP = NO;
				DEBUG_INFORMATION_FORMAT = dwarf;
				ENABLE_STRICT_OBJC_MSGSEND = YES;
				ENABLE_TESTABILITY = YES;
				ENABLE_USER_SCRIPT_SANDBOXING = YES;
				GCC_C_LANGUAGE_STANDARD = gnu17;
				GCC_DYNAMIC_NO_PIC = NO;
				GCC_NO_COMMON_BLOCKS = YES;
				GCC_OPTIMIZATION_LEVEL = 0;
				GCC_PREPROCESSOR_DEFINITIONS = (
					"DEBUG=1",
					"$(inherited)",
				);
				GCC_WARN_64_TO_32_BIT_CONVERSION = YES;
				GCC_WARN_ABOUT_RETURN_TYPE = YES_ERROR;
				GCC_WARN_UNDECLARED_SELECTOR = YES;
				GCC_WARN_UNINITIALIZED_AUTOS = YES_AGGRESSIVE;
				GCC_WARN_UNUSED_FUNCTION = YES;
				GCC_WARN_UNUSED_VARIABLE = YES;
				IPHONEOS_DEPLOYMENT_TARGET = 17.2;
				LOCALIZATION_PREFERS_STRING_CATALOGS = YES;
				MTL_ENABLE_DEBUG_INFO = INCLUDE_SOURCE;
				MTL_FAST_MATH = YES;
				ONLY_ACTIVE_ARCH = YES;
				SDKROOT = iphoneos;
				SWIFT_ACTIVE_COMPILATION_CONDITIONS = "DEBUG $(inherited)";
				SWIFT_OPTIMIZATION_LEVEL = "-Onone";
			};
			name = Debug;
		};
		0A178A1C2BC30D4B0076CE0A /* Release */ = {
			isa = XCBuildConfiguration;
			buildSettings = {
				ALWAYS_SEARCH_USER_PATHS = NO;
				ASSETCATALOG_COMPILER_GENERATE_SWIFT_ASSET_SYMBOL_EXTENSIONS = YES;
				CLANG_ANALYZER_NONNULL = YES;
				CLANG_ANALYZER_NUMBER_OBJECT_CONVERSION = YES_AGGRESSIVE;
				CLANG_CXX_LANGUAGE_STANDARD = "gnu++20";
				CLANG_ENABLE_MODULES = YES;
				CLANG_ENABLE_OBJC_ARC = YES;
				CLANG_ENABLE_OBJC_WEAK = YES;
				CLANG_WARN_BLOCK_CAPTURE_AUTORELEASING = YES;
				CLANG_WARN_BOOL_CONVERSION = YES;
				CLANG_WARN_COMMA = YES;
				CLANG_WARN_CONSTANT_CONVERSION = YES;
				CLANG_WARN_DEPRECATED_OBJC_IMPLEMENTATIONS = YES;
				CLANG_WARN_DIRECT_OBJC_ISA_USAGE = YES_ERROR;
				CLANG_WARN_DOCUMENTATION_COMMENTS = YES;
				CLANG_WARN_EMPTY_BODY = YES;
				CLANG_WARN_ENUM_CONVERSION = YES;
				CLANG_WARN_INFINITE_RECURSION = YES;
				CLANG_WARN_INT_CONVERSION = YES;
				CLANG_WARN_NON_LITERAL_NULL_CONVERSION = YES;
				CLANG_WARN_OBJC_IMPLICIT_RETAIN_SELF = YES;
				CLANG_WARN_OBJC_LITERAL_CONVERSION = YES;
				CLANG_WARN_OBJC_ROOT_CLASS = YES_ERROR;
				CLANG_WARN_QUOTED_INCLUDE_IN_FRAMEWORK_HEADER = YES;
				CLANG_WARN_RANGE_LOOP_ANALYSIS = YES;
				CLANG_WARN_STRICT_PROTOTYPES = YES;
				CLANG_WARN_SUSPICIOUS_MOVE = YES;
				CLANG_WARN_UNGUARDED_AVAILABILITY = YES_AGGRESSIVE;
				CLANG_WARN_UNREACHABLE_CODE = YES;
				CLANG_WARN__DUPLICATE_METHOD_MATCH = YES;
				COPY_PHASE_STRIP = NO;
				DEBUG_INFORMATION_FORMAT = "dwarf-with-dsym";
				ENABLE_NS_ASSERTIONS = NO;
				ENABLE_STRICT_OBJC_MSGSEND = YES;
				ENABLE_USER_SCRIPT_SANDBOXING = YES;
				GCC_C_LANGUAGE_STANDARD = gnu17;
				GCC_NO_COMMON_BLOCKS = YES;
				GCC_WARN_64_TO_32_BIT_CONVERSION = YES;
				GCC_WARN_ABOUT_RETURN_TYPE = YES_ERROR;
				GCC_WARN_UNDECLARED_SELECTOR = YES;
				GCC_WARN_UNINITIALIZED_AUTOS = YES_AGGRESSIVE;
				GCC_WARN_UNUSED_FUNCTION = YES;
				GCC_WARN_UNUSED_VARIABLE = YES;
				IPHONEOS_DEPLOYMENT_TARGET = 17.2;
				LOCALIZATION_PREFERS_STRING_CATALOGS = YES;
				MTL_ENABLE_DEBUG_INFO = NO;
				MTL_FAST_MATH = YES;
				SDKROOT = iphoneos;
				SWIFT_COMPILATION_MODE = wholemodule;
				VALIDATE_PRODUCT = YES;
			};
			name = Release;
		};
		0A178A1E2BC30D4B0076CE0A /* Debug */ = {
			isa = XCBuildConfiguration;
			buildSettings = {
				ASSETCATALOG_COMPILER_APPICON_NAME = AppIcon;
				ASSETCATALOG_COMPILER_GLOBAL_ACCENT_COLOR_NAME = AccentColor;
				CODE_SIGN_STYLE = Automatic;
				CURRENT_PROJECT_VERSION = 1;
				DEVELOPMENT_ASSET_PATHS = "\"Jina/Preview Content\"";
				DEVELOPMENT_TEAM = SLNT34F22M;
				ENABLE_PREVIEWS = YES;
				GENERATE_INFOPLIST_FILE = YES;
				INFOPLIST_FILE = Jina/Info.plist;
				INFOPLIST_KEY_NSCameraUsageDescription = "My app uses photos for mutating blue frogs";
				INFOPLIST_KEY_NSMicrophoneUsageDescription = "To listen how frogs speak";
				INFOPLIST_KEY_UIApplicationSceneManifest_Generation = YES;
				INFOPLIST_KEY_UIApplicationSupportsIndirectInputEvents = YES;
				INFOPLIST_KEY_UILaunchScreen_Generation = YES;
				INFOPLIST_KEY_UISupportedInterfaceOrientations_iPad = "UIInterfaceOrientationPortrait UIInterfaceOrientationPortraitUpsideDown UIInterfaceOrientationLandscapeLeft UIInterfaceOrientationLandscapeRight";
				INFOPLIST_KEY_UISupportedInterfaceOrientations_iPhone = "UIInterfaceOrientationPortrait UIInterfaceOrientationLandscapeLeft UIInterfaceOrientationLandscapeRight";
				LD_RUNPATH_SEARCH_PATHS = (
					"$(inherited)",
					"@executable_path/Frameworks",
				);
				MARKETING_VERSION = 1.0;
				PRODUCT_BUNDLE_IDENTIFIER = "PumbaTim-Jina";
				PRODUCT_NAME = "$(TARGET_NAME)";
				SWIFT_EMIT_LOC_STRINGS = YES;
				SWIFT_VERSION = 5.0;
				TARGETED_DEVICE_FAMILY = "1,2";
			};
			name = Debug;
		};
		0A178A1F2BC30D4B0076CE0A /* Release */ = {
			isa = XCBuildConfiguration;
			buildSettings = {
				ASSETCATALOG_COMPILER_APPICON_NAME = AppIcon;
				ASSETCATALOG_COMPILER_GLOBAL_ACCENT_COLOR_NAME = AccentColor;
				CODE_SIGN_STYLE = Automatic;
				CURRENT_PROJECT_VERSION = 1;
				DEVELOPMENT_ASSET_PATHS = "\"Jina/Preview Content\"";
				DEVELOPMENT_TEAM = SLNT34F22M;
				ENABLE_PREVIEWS = YES;
				GENERATE_INFOPLIST_FILE = YES;
				INFOPLIST_FILE = Jina/Info.plist;
				INFOPLIST_KEY_NSCameraUsageDescription = "My app uses photos for mutating blue frogs";
				INFOPLIST_KEY_NSMicrophoneUsageDescription = "To listen how frogs speak";
				INFOPLIST_KEY_UIApplicationSceneManifest_Generation = YES;
				INFOPLIST_KEY_UIApplicationSupportsIndirectInputEvents = YES;
				INFOPLIST_KEY_UILaunchScreen_Generation = YES;
				INFOPLIST_KEY_UISupportedInterfaceOrientations_iPad = "UIInterfaceOrientationPortrait UIInterfaceOrientationPortraitUpsideDown UIInterfaceOrientationLandscapeLeft UIInterfaceOrientationLandscapeRight";
				INFOPLIST_KEY_UISupportedInterfaceOrientations_iPhone = "UIInterfaceOrientationPortrait UIInterfaceOrientationLandscapeLeft UIInterfaceOrientationLandscapeRight";
				LD_RUNPATH_SEARCH_PATHS = (
					"$(inherited)",
					"@executable_path/Frameworks",
				);
				MARKETING_VERSION = 1.0;
				PRODUCT_BUNDLE_IDENTIFIER = "PumbaTim-Jina";
				PRODUCT_NAME = "$(TARGET_NAME)";
				SWIFT_EMIT_LOC_STRINGS = YES;
				SWIFT_VERSION = 5.0;
				TARGETED_DEVICE_FAMILY = "1,2";
			};
			name = Release;
		};
/* End XCBuildConfiguration section */

/* Begin XCConfigurationList section */
		0A178A0A2BC30D480076CE0A /* Build configuration list for PBXProject "Jina" */ = {
			isa = XCConfigurationList;
			buildConfigurations = (
				0A178A1B2BC30D4B0076CE0A /* Debug */,
				0A178A1C2BC30D4B0076CE0A /* Release */,
			);
			defaultConfigurationIsVisible = 0;
			defaultConfigurationName = Release;
		};
		0A178A1D2BC30D4B0076CE0A /* Build configuration list for PBXNativeTarget "Jina" */ = {
			isa = XCConfigurationList;
			buildConfigurations = (
				0A178A1E2BC30D4B0076CE0A /* Debug */,
				0A178A1F2BC30D4B0076CE0A /* Release */,
			);
			defaultConfigurationIsVisible = 0;
			defaultConfigurationName = Release;
		};
/* End XCConfigurationList section */

/* Begin XCRemoteSwiftPackageReference section */
		0A178A202BC311720076CE0A /* XCRemoteSwiftPackageReference "firebase-ios-sdk" */ = {
			isa = XCRemoteSwiftPackageReference;
			repositoryURL = "https://github.com/firebase/firebase-ios-sdk.git";
			requirement = {
				kind = upToNextMajorVersion;
				minimumVersion = 10.23.1;
			};
		};
		0AA301DC2BCBE54F0010679D /* XCRemoteSwiftPackageReference "Capture" */ = {
			isa = XCRemoteSwiftPackageReference;
			repositoryURL = "https://github.com/quentinfasquel/Capture.git";
			requirement = {
				kind = upToNextMajorVersion;
				minimumVersion = 0.2.0;
			};
		};
		53F58A532BC9C1DF001AFCA8 /* XCRemoteSwiftPackageReference "SDWebImage" */ = {
			isa = XCRemoteSwiftPackageReference;
			repositoryURL = "https://github.com/SDWebImage/SDWebImage.git";
			requirement = {
				kind = upToNextMajorVersion;
				minimumVersion = 5.19.1;
			};
		};
/* End XCRemoteSwiftPackageReference section */

/* Begin XCSwiftPackageProductDependency section */
		0A178A212BC311720076CE0A /* FirebaseAnalytics */ = {
			isa = XCSwiftPackageProductDependency;
			package = 0A178A202BC311720076CE0A /* XCRemoteSwiftPackageReference "firebase-ios-sdk" */;
			productName = FirebaseAnalytics;
		};
		0A178A232BC311720076CE0A /* FirebaseAnalyticsOnDeviceConversion */ = {
			isa = XCSwiftPackageProductDependency;
			package = 0A178A202BC311720076CE0A /* XCRemoteSwiftPackageReference "firebase-ios-sdk" */;
			productName = FirebaseAnalyticsOnDeviceConversion;
		};
		0A178A252BC311720076CE0A /* FirebaseAnalyticsSwift */ = {
			isa = XCSwiftPackageProductDependency;
			package = 0A178A202BC311720076CE0A /* XCRemoteSwiftPackageReference "firebase-ios-sdk" */;
			productName = FirebaseAnalyticsSwift;
		};
		0A178A272BC311720076CE0A /* FirebaseAnalyticsWithoutAdIdSupport */ = {
			isa = XCSwiftPackageProductDependency;
			package = 0A178A202BC311720076CE0A /* XCRemoteSwiftPackageReference "firebase-ios-sdk" */;
			productName = FirebaseAnalyticsWithoutAdIdSupport;
		};
		0A178A292BC311720076CE0A /* FirebaseAppCheck */ = {
			isa = XCSwiftPackageProductDependency;
			package = 0A178A202BC311720076CE0A /* XCRemoteSwiftPackageReference "firebase-ios-sdk" */;
			productName = FirebaseAppCheck;
		};
		0A178A2B2BC311720076CE0A /* FirebaseAppDistribution-Beta */ = {
			isa = XCSwiftPackageProductDependency;
			package = 0A178A202BC311720076CE0A /* XCRemoteSwiftPackageReference "firebase-ios-sdk" */;
			productName = "FirebaseAppDistribution-Beta";
		};
		0A178A2D2BC311720076CE0A /* FirebaseAuth */ = {
			isa = XCSwiftPackageProductDependency;
			package = 0A178A202BC311720076CE0A /* XCRemoteSwiftPackageReference "firebase-ios-sdk" */;
			productName = FirebaseAuth;
		};
		0A178A2F2BC311720076CE0A /* FirebaseAuthCombine-Community */ = {
			isa = XCSwiftPackageProductDependency;
			package = 0A178A202BC311720076CE0A /* XCRemoteSwiftPackageReference "firebase-ios-sdk" */;
			productName = "FirebaseAuthCombine-Community";
		};
		0A178A312BC311720076CE0A /* FirebaseCrashlytics */ = {
			isa = XCSwiftPackageProductDependency;
			package = 0A178A202BC311720076CE0A /* XCRemoteSwiftPackageReference "firebase-ios-sdk" */;
			productName = FirebaseCrashlytics;
		};
		0A178A332BC311720076CE0A /* FirebaseDatabase */ = {
			isa = XCSwiftPackageProductDependency;
			package = 0A178A202BC311720076CE0A /* XCRemoteSwiftPackageReference "firebase-ios-sdk" */;
			productName = FirebaseDatabase;
		};
		0A178A352BC311720076CE0A /* FirebaseDatabaseSwift */ = {
			isa = XCSwiftPackageProductDependency;
			package = 0A178A202BC311720076CE0A /* XCRemoteSwiftPackageReference "firebase-ios-sdk" */;
			productName = FirebaseDatabaseSwift;
		};
		0A178A372BC311720076CE0A /* FirebaseDynamicLinks */ = {
			isa = XCSwiftPackageProductDependency;
			package = 0A178A202BC311720076CE0A /* XCRemoteSwiftPackageReference "firebase-ios-sdk" */;
			productName = FirebaseDynamicLinks;
		};
		0A178A392BC311720076CE0A /* FirebaseFirestore */ = {
			isa = XCSwiftPackageProductDependency;
			package = 0A178A202BC311720076CE0A /* XCRemoteSwiftPackageReference "firebase-ios-sdk" */;
			productName = FirebaseFirestore;
		};
		0A178A3B2BC311720076CE0A /* FirebaseFirestoreCombine-Community */ = {
			isa = XCSwiftPackageProductDependency;
			package = 0A178A202BC311720076CE0A /* XCRemoteSwiftPackageReference "firebase-ios-sdk" */;
			productName = "FirebaseFirestoreCombine-Community";
		};
		0A178A3D2BC311720076CE0A /* FirebaseFirestoreSwift */ = {
			isa = XCSwiftPackageProductDependency;
			package = 0A178A202BC311720076CE0A /* XCRemoteSwiftPackageReference "firebase-ios-sdk" */;
			productName = FirebaseFirestoreSwift;
		};
		0A178A3F2BC311720076CE0A /* FirebaseFunctions */ = {
			isa = XCSwiftPackageProductDependency;
			package = 0A178A202BC311720076CE0A /* XCRemoteSwiftPackageReference "firebase-ios-sdk" */;
			productName = FirebaseFunctions;
		};
		0A178A412BC311720076CE0A /* FirebaseFunctionsCombine-Community */ = {
			isa = XCSwiftPackageProductDependency;
			package = 0A178A202BC311720076CE0A /* XCRemoteSwiftPackageReference "firebase-ios-sdk" */;
			productName = "FirebaseFunctionsCombine-Community";
		};
		0A178A432BC311720076CE0A /* FirebaseInAppMessaging-Beta */ = {
			isa = XCSwiftPackageProductDependency;
			package = 0A178A202BC311720076CE0A /* XCRemoteSwiftPackageReference "firebase-ios-sdk" */;
			productName = "FirebaseInAppMessaging-Beta";
		};
		0A178A452BC311720076CE0A /* FirebaseInAppMessagingSwift-Beta */ = {
			isa = XCSwiftPackageProductDependency;
			package = 0A178A202BC311720076CE0A /* XCRemoteSwiftPackageReference "firebase-ios-sdk" */;
			productName = "FirebaseInAppMessagingSwift-Beta";
		};
		0A178A472BC311720076CE0A /* FirebaseInstallations */ = {
			isa = XCSwiftPackageProductDependency;
			package = 0A178A202BC311720076CE0A /* XCRemoteSwiftPackageReference "firebase-ios-sdk" */;
			productName = FirebaseInstallations;
		};
		0A178A492BC311720076CE0A /* FirebaseMLModelDownloader */ = {
			isa = XCSwiftPackageProductDependency;
			package = 0A178A202BC311720076CE0A /* XCRemoteSwiftPackageReference "firebase-ios-sdk" */;
			productName = FirebaseMLModelDownloader;
		};
		0A178A4B2BC311720076CE0A /* FirebaseMessaging */ = {
			isa = XCSwiftPackageProductDependency;
			package = 0A178A202BC311720076CE0A /* XCRemoteSwiftPackageReference "firebase-ios-sdk" */;
			productName = FirebaseMessaging;
		};
		0A178A4D2BC311720076CE0A /* FirebasePerformance */ = {
			isa = XCSwiftPackageProductDependency;
			package = 0A178A202BC311720076CE0A /* XCRemoteSwiftPackageReference "firebase-ios-sdk" */;
			productName = FirebasePerformance;
		};
		0A178A4F2BC311720076CE0A /* FirebaseRemoteConfig */ = {
			isa = XCSwiftPackageProductDependency;
			package = 0A178A202BC311720076CE0A /* XCRemoteSwiftPackageReference "firebase-ios-sdk" */;
			productName = FirebaseRemoteConfig;
		};
		0A178A512BC311720076CE0A /* FirebaseRemoteConfigSwift */ = {
			isa = XCSwiftPackageProductDependency;
			package = 0A178A202BC311720076CE0A /* XCRemoteSwiftPackageReference "firebase-ios-sdk" */;
			productName = FirebaseRemoteConfigSwift;
		};
		0A178A532BC311720076CE0A /* FirebaseStorage */ = {
			isa = XCSwiftPackageProductDependency;
			package = 0A178A202BC311720076CE0A /* XCRemoteSwiftPackageReference "firebase-ios-sdk" */;
			productName = FirebaseStorage;
		};
		0A178A552BC311720076CE0A /* FirebaseStorageCombine-Community */ = {
			isa = XCSwiftPackageProductDependency;
			package = 0A178A202BC311720076CE0A /* XCRemoteSwiftPackageReference "firebase-ios-sdk" */;
			productName = "FirebaseStorageCombine-Community";
		};
		0AA301DD2BCBE54F0010679D /* Capture */ = {
			isa = XCSwiftPackageProductDependency;
			package = 0AA301DC2BCBE54F0010679D /* XCRemoteSwiftPackageReference "Capture" */;
			productName = Capture;
		};
		53F58A542BC9C1DF001AFCA8 /* SDWebImage */ = {
			isa = XCSwiftPackageProductDependency;
			package = 53F58A532BC9C1DF001AFCA8 /* XCRemoteSwiftPackageReference "SDWebImage" */;
			productName = SDWebImage;
		};
/* End XCSwiftPackageProductDependency section */
	};
	rootObject = 0A178A072BC30D480076CE0A /* Project object */;
}
